
Microsoft Visual Studio Solution File, Format Version 12.00
# Visual Studio Version 17
VisualStudioVersion = 17.11.35219.272
MinimumVisualStudioVersion = 10.0.40219.1
Project("{FAE04EC0-301F-11D3-BF4B-00C04F79EFBC}") = "DVLD", "DVLD.csproj", "{CC4B42FA-E7DC-4D48-A54C-925423FBDDFF}"
EndProject
Project("{FAE04EC0-301F-11D3-BF4B-00C04F79EFBC}") = "DVLD_Buisness", "..\clsBusinessLayer\DVLD_Buisness.csproj", "{7F9F766E-D2E4-419F-89FF-99ED27021D96}"
EndProject
Project("{FAE04EC0-301F-11D3-BF4B-00C04F79EFBC}") = "DVLD_DataAccess", "..\clsDataAccessLayer\DVLD_DataAccess.csproj", "{32928991-8056-4BA0-98EA-C6E26F1D5FB5}"
EndProject
Project("{FAE04EC0-301F-11D3-BF4B-00C04F79EFBC}") = "DVLD_Shared", "..\DVLD_Shared\DVLD_Shared.csproj", "{73AFCA38-C3DA-4833-B1C8-95F64E63C7B8}"
EndProject
Global
	GlobalSection(SolutionConfigurationPlatforms) = preSolution
		Debug|Any CPU = Debug|Any CPU
		Release|Any CPU = Release|Any CPU
	EndGlobalSection
	GlobalSection(ProjectConfigurationPlatforms) = postSolution
		{CC4B42FA-E7DC-4D48-A54C-925423FBDDFF}.Debug|Any CPU.ActiveCfg = Debug|Any CPU
		{CC4B42FA-E7DC-4D48-A54C-925423FBDDFF}.Debug|Any CPU.Build.0 = Debug|Any CPU
		{CC4B42FA-E7DC-4D48-A54C-925423FBDDFF}.Release|Any CPU.ActiveCfg = Release|Any CPU
		{CC4B42FA-E7DC-4D48-A54C-925423FBDDFF}.Release|Any CPU.Build.0 = Release|Any CPU
		{7F9F766E-D2E4-419F-89FF-99ED27021D96}.Debug|Any CPU.ActiveCfg = Debug|Any CPU
		{7F9F766E-D2E4-419F-89FF-99ED27021D96}.Debug|Any CPU.Build.0 = Debug|Any CPU
		{7F9F766E-D2E4-419F-89FF-99ED27021D96}.Release|Any CPU.ActiveCfg = Release|Any CPU
		{7F9F766E-D2E4-419F-89FF-99ED27021D96}.Release|Any CPU.Build.0 = Release|Any CPU
		{32928991-8056-4BA0-98EA-C6E26F1D5FB5}.Debug|Any CPU.ActiveCfg = Debug|Any CPU
		{32928991-8056-4BA0-98EA-C6E26F1D5FB5}.Debug|Any CPU.Build.0 = Debug|Any CPU
		{32928991-8056-4BA0-98EA-C6E26F1D5FB5}.Release|Any CPU.ActiveCfg = Release|Any CPU
		{32928991-8056-4BA0-98EA-C6E26F1D5FB5}.Release|Any CPU.Build.0 = Release|Any CPU
		{73AFCA38-C3DA-4833-B1C8-95F64E63C7B8}.Debug|Any CPU.ActiveCfg = Debug|Any CPU
		{73AFCA38-C3DA-4833-B1C8-95F64E63C7B8}.Debug|Any CPU.Build.0 = Debug|Any CPU
		{73AFCA38-C3DA-4833-B1C8-95F64E63C7B8}.Release|Any CPU.ActiveCfg = Release|Any CPU
		{73AFCA38-C3DA-4833-B1C8-95F64E63C7B8}.Release|Any CPU.Build.0 = Release|Any CPU
	EndGlobalSection
	GlobalSection(SolutionProperties) = preSolution
		HideSolutionNode = FALSE
	EndGlobalSection
	GlobalSection(ExtensibilityGlobals) = postSolution
		SolutionGuid = {F4F28320-515D-42E4-B4F6-B48EEC8CC331}
	EndGlobalSection
EndGlobal
